
Microsoft Visual Studio Solution File, Format Version 12.00
# Visual Studio Version 16
VisualStudioVersion = 16.0.30611.23
MinimumVisualStudioVersion = 10.0.40219.1
Project("{2150E333-8FDC-42A3-9474-1A3956D46DE8}") = "Solution Items", "Solution Items", "{A2CCA53D-AEDF-45F6-BA50-ED7DB3D63030}"
	ProjectSection(SolutionItems) = preProject
		.gitattributes = .gitattributes
		.gitignore = .gitignore
		README.md = README.md
	EndProjectSection
EndProject
Project("{9A19103F-16F7-4668-BE54-9A1E7A4F7556}") = "SimpleNN.Core", "SimpleNN.Core\SimpleNN.Core.csproj", "{5255DC39-2065-4DEB-A00C-94237435AA3A}"
EndProject
Project("{9A19103F-16F7-4668-BE54-9A1E7A4F7556}") = "SimpleNN.UI", "SimpleNN.UI\SimpleNN.UI.csproj", "{9F68EA4E-917A-4E02-BD39-59B234E7A565}"
EndProject
Global
	GlobalSection(SolutionConfigurationPlatforms) = preSolution
		Debug|Any CPU = Debug|Any CPU
		Release|Any CPU = Release|Any CPU
	EndGlobalSection
	GlobalSection(ProjectConfigurationPlatforms) = postSolution
		{5255DC39-2065-4DEB-A00C-94237435AA3A}.Debug|Any CPU.ActiveCfg = Debug|Any CPU
		{5255DC39-2065-4DEB-A00C-94237435AA3A}.Debug|Any CPU.Build.0 = Debug|Any CPU
		{5255DC39-2065-4DEB-A00C-94237435AA3A}.Release|Any CPU.ActiveCfg = Release|Any CPU
		{5255DC39-2065-4DEB-A00C-94237435AA3A}.Release|Any CPU.Build.0 = Release|Any CPU
		{9F68EA4E-917A-4E02-BD39-59B234E7A565}.Debug|Any CPU.ActiveCfg = Debug|Any CPU
		{9F68EA4E-917A-4E02-BD39-59B234E7A565}.Debug|Any CPU.Build.0 = Debug|Any CPU
		{9F68EA4E-917A-4E02-BD39-59B234E7A565}.Release|Any CPU.ActiveCfg = Release|Any CPU
		{9F68EA4E-917A-4E02-BD39-59B234E7A565}.Release|Any CPU.Build.0 = Release|Any CPU
	EndGlobalSection
	GlobalSection(SolutionProperties) = preSolution
		HideSolutionNode = FALSE
	EndGlobalSection
	GlobalSection(ExtensibilityGlobals) = postSolution
		SolutionGuid = {50A92D4E-4F41-4B2E-B58B-77F0AD7326DA}
	EndGlobalSection
EndGlobal
